
Microsoft Visual Studio Solution File, Format Version 12.00
# Visual Studio Express 15 for Windows Desktop
VisualStudioVersion = 15.0.33801.198
MinimumVisualStudioVersion = 10.0.40219.1
Project("{FAE04EC0-301F-11D3-BF4B-00C04F79EFBC}") = "FamilySearchQuery", "FamilySearchQuery\FamilySearchQuery.csproj", "{2B83C5E9-4E7A-44AA-9440-7F470503A27B}"
EndProject
Global
	GlobalSection(SolutionConfigurationPlatforms) = preSolution
		Debug|Any CPU = Debug|Any CPU
		Release|Any CPU = Release|Any CPU
	EndGlobalSection
	GlobalSection(ProjectConfigurationPlatforms) = postSolution
		{2B83C5E9-4E7A-44AA-9440-7F470503A27B}.Debug|Any CPU.ActiveCfg = Debug|Any CPU
		{2B83C5E9-4E7A-44AA-9440-7F470503A27B}.Debug|Any CPU.Build.0 = Debug|Any CPU
		{2B83C5E9-4E7A-44AA-9440-7F470503A27B}.Release|Any CPU.ActiveCfg = Release|Any CPU
		{2B83C5E9-4E7A-44AA-9440-7F470503A27B}.Release|Any CPU.Build.0 = Release|Any CPU
	EndGlobalSection
	GlobalSection(SolutionProperties) = preSolution
		HideSolutionNode = FALSE
	EndGlobalSection
	GlobalSection(ExtensibilityGlobals) = postSolution
		SolutionGuid = {50FE9174-5694-429D-9EF1-F52A1830A1C2}
	EndGlobalSection
EndGlobal
